Microsoft Visual Studio Solution File, Format Version 11.00
# Visual Studio 2008

Project("{F6C55D15-5ADA-6485-81CA-170CF4902302}") = "TallerUnity", "Assembly-CSharp.csproj", "{87044ACA-C9F0-8A32-87AD-85B21BE1C61A}"
EndProject
Global
	GlobalSection(SolutionConfigurationPlatforms) = preSolution
		Debug|Any CPU = Debug|Any CPU
		Release|Any CPU = Release|Any CPU
	EndGlobalSection
	GlobalSection(ProjectConfigurationPlatforms) = postSolution
		{87044ACA-C9F0-8A32-87AD-85B21BE1C61A}.Debug|Any CPU.ActiveCfg = Debug|Any CPU
		{87044ACA-C9F0-8A32-87AD-85B21BE1C61A}.Debug|Any CPU.Build.0 = Debug|Any CPU
		{87044ACA-C9F0-8A32-87AD-85B21BE1C61A}.Release|Any CPU.ActiveCfg = Release|Any CPU
		{87044ACA-C9F0-8A32-87AD-85B21BE1C61A}.Release|Any CPU.Build.0 = Release|Any CPU
	EndGlobalSection
	GlobalSection(SolutionProperties) = preSolution
		HideSolutionNode = FALSE
	EndGlobalSection
	GlobalSection(MonoDevelopProperties) = preSolution
		StartupItem = Assembly-CSharp.csproj
	EndGlobalSection
EndGlobal
