
Microsoft Visual Studio Solution File, Format Version 12.00
# Visual Studio 2015
Project("{FAE04EC0-301F-11D3-BF4B-00C04F79EFBC}") = "TallerUnity.CSharp.Plugins", "TallerUnity.CSharp.Plugins.csproj", "{BB709479-8DD6-E340-B452-3152144FA953}"
EndProject
Project("{FAE04EC0-301F-11D3-BF4B-00C04F79EFBC}") = "TallerUnity.CSharp", "TallerUnity.CSharp.csproj", "{4785A66B-9569-3FD3-64AC-712A9C2A245F}"
EndProject
Project("{FAE04EC0-301F-11D3-BF4B-00C04F79EFBC}") = "TallerUnity.CSharp.Editor", "TallerUnity.CSharp.Editor.csproj", "{B0F04BA9-81C8-7538-8B0D-B07568CEF6A3}"
EndProject
Global
	GlobalSection(SolutionConfigurationPlatforms) = preSolution
		Debug|Any CPU = Debug|Any CPU
		Release|Any CPU = Release|Any CPU
	EndGlobalSection
	GlobalSection(ProjectConfigurationPlatforms) = postSolution
		{BB709479-8DD6-E340-B452-3152144FA953}.Debug|Any CPU.ActiveCfg = Debug|Any CPU
		{BB709479-8DD6-E340-B452-3152144FA953}.Debug|Any CPU.Build.0 = Debug|Any CPU
		{BB709479-8DD6-E340-B452-3152144FA953}.Release|Any CPU.ActiveCfg = Release|Any CPU
		{BB709479-8DD6-E340-B452-3152144FA953}.Release|Any CPU.Build.0 = Release|Any CPU
		{4785A66B-9569-3FD3-64AC-712A9C2A245F}.Debug|Any CPU.ActiveCfg = Debug|Any CPU
		{4785A66B-9569-3FD3-64AC-712A9C2A245F}.Debug|Any CPU.Build.0 = Debug|Any CPU
		{4785A66B-9569-3FD3-64AC-712A9C2A245F}.Release|Any CPU.ActiveCfg = Release|Any CPU
		{4785A66B-9569-3FD3-64AC-712A9C2A245F}.Release|Any CPU.Build.0 = Release|Any CPU
		{B0F04BA9-81C8-7538-8B0D-B07568CEF6A3}.Debug|Any CPU.ActiveCfg = Debug|Any CPU
		{B0F04BA9-81C8-7538-8B0D-B07568CEF6A3}.Debug|Any CPU.Build.0 = Debug|Any CPU
		{B0F04BA9-81C8-7538-8B0D-B07568CEF6A3}.Release|Any CPU.ActiveCfg = Release|Any CPU
		{B0F04BA9-81C8-7538-8B0D-B07568CEF6A3}.Release|Any CPU.Build.0 = Release|Any CPU
	EndGlobalSection
	GlobalSection(SolutionProperties) = preSolution
		HideSolutionNode = FALSE
	EndGlobalSection
EndGlobal
